
Microsoft Visual Studio Solution File, Format Version 12.00
# Visual Studio 14
VisualStudioVersion = 14.0.23107.0
MinimumVisualStudioVersion = 10.0.40219.1
Project("{2150E333-8FDC-42A3-9474-1A3956D46DE8}") = "src", "src", "{CAD61563-2E7B-4E36-9FFA-E404E3ADAB76}"
EndProject
Project("{2150E333-8FDC-42A3-9474-1A3956D46DE8}") = "Solution Items", "Solution Items", "{92860668-F3F8-4848-96B2-B32DC22C8C9E}"
	ProjectSection(SolutionItems) = preProject
		global.json = global.json
		NuGet.Config = NuGet.Config
	EndProjectSection
EndProject
Project("{8BB2217D-0F2D-49D1-97BC-3654ED321F3B}") = "EFFoo", "src\EFFoo\EFFoo.xproj", "{049C302A-696C-4BF0-97AC-A3C6CD5A5D9B}"
EndProject
Project("{8BB2217D-0F2D-49D1-97BC-3654ED321F3B}") = "EFFoo2", "src\EFFoo2\EFFoo2.xproj", "{33087C76-94C0-453A-8107-57FDFA5F8DE2}"
EndProject
Global
	GlobalSection(SolutionConfigurationPlatforms) = preSolution
		Debug|Any CPU = Debug|Any CPU
		Release|Any CPU = Release|Any CPU
	EndGlobalSection
	GlobalSection(ProjectConfigurationPlatforms) = postSolution
		{049C302A-696C-4BF0-97AC-A3C6CD5A5D9B}.Debug|Any CPU.ActiveCfg = Debug|Any CPU
		{049C302A-696C-4BF0-97AC-A3C6CD5A5D9B}.Debug|Any CPU.Build.0 = Debug|Any CPU
		{049C302A-696C-4BF0-97AC-A3C6CD5A5D9B}.Release|Any CPU.ActiveCfg = Release|Any CPU
		{049C302A-696C-4BF0-97AC-A3C6CD5A5D9B}.Release|Any CPU.Build.0 = Release|Any CPU
		{33087C76-94C0-453A-8107-57FDFA5F8DE2}.Debug|Any CPU.ActiveCfg = Debug|Any CPU
		{33087C76-94C0-453A-8107-57FDFA5F8DE2}.Debug|Any CPU.Build.0 = Debug|Any CPU
		{33087C76-94C0-453A-8107-57FDFA5F8DE2}.Release|Any CPU.ActiveCfg = Release|Any CPU
		{33087C76-94C0-453A-8107-57FDFA5F8DE2}.Release|Any CPU.Build.0 = Release|Any CPU
	EndGlobalSection
	GlobalSection(SolutionProperties) = preSolution
		HideSolutionNode = FALSE
	EndGlobalSection
	GlobalSection(NestedProjects) = preSolution
		{049C302A-696C-4BF0-97AC-A3C6CD5A5D9B} = {CAD61563-2E7B-4E36-9FFA-E404E3ADAB76}
		{33087C76-94C0-453A-8107-57FDFA5F8DE2} = {CAD61563-2E7B-4E36-9FFA-E404E3ADAB76}
	EndGlobalSection
EndGlobal
